
Microsoft Visual Studio Solution File, Format Version 12.00
# Visual Studio Version 17
VisualStudioVersion = 17.5.33530.505
MinimumVisualStudioVersion = 10.0.40219.1
Project("{FAE04EC0-301F-11D3-BF4B-00C04F79EFBC}") = "ConsoleApp3", "ConsoleApp3.csproj", "{FF7C7005-2C66-4688-B87B-35C6FE6E0563}"
EndProject
Global
	GlobalSection(SolutionConfigurationPlatforms) = preSolution
		Debug|Any CPU = Debug|Any CPU
		Release|Any CPU = Release|Any CPU
	EndGlobalSection
	GlobalSection(ProjectConfigurationPlatforms) = postSolution
		{FF7C7005-2C66-4688-B87B-35C6FE6E0563}.Debug|Any CPU.ActiveCfg = Debug|Any CPU
		{FF7C7005-2C66-4688-B87B-35C6FE6E0563}.Debug|Any CPU.Build.0 = Debug|Any CPU
		{FF7C7005-2C66-4688-B87B-35C6FE6E0563}.Release|Any CPU.ActiveCfg = Release|Any CPU
		{FF7C7005-2C66-4688-B87B-35C6FE6E0563}.Release|Any CPU.Build.0 = Release|Any CPU
	EndGlobalSection
	GlobalSection(SolutionProperties) = preSolution
		HideSolutionNode = FALSE
	EndGlobalSection
	GlobalSection(ExtensibilityGlobals) = postSolution
		SolutionGuid = {C092CA89-9DEB-4E90-94C8-624799FFA83A}
	EndGlobalSection
EndGlobal
